// !$*UTF8*$!
{
	archiveVersion = 1;
	classes = {
	};
	objectVersion = 50;
	objects = {

/* Begin PBXBuildFile section */
		405C0FCF2694CCE100FDFB75 /* AppDelegate.swift in Sources */ = {isa = PBXBuildFile; fileRef = 405C0FCE2694CCE100FDFB75 /* AppDelegate.swift */; };
		405C0FD12694CCE100FDFB75 /* SceneDelegate.swift in Sources */ = {isa = PBXBuildFile; fileRef = 405C0FD02694CCE100FDFB75 /* SceneDelegate.swift */; };
		405C0FD32694CCE100FDFB75 /* ViewController.swift in Sources */ = {isa = PBXBuildFile; fileRef = 405C0FD22694CCE100FDFB75 /* ViewController.swift */; };
		405C0FD62694CCE100FDFB75 /* Main.storyboard in Resources */ = {isa = PBXBuildFile; fileRef = 405C0FD42694CCE100FDFB75 /* Main.storyboard */; };
		405C0FD82694CCE800FDFB75 /* Assets.xcassets in Resources */ = {isa = PBXBuildFile; fileRef = 405C0FD72694CCE800FDFB75 /* Assets.xcassets */; };
		405C0FDB2694CCE800FDFB75 /* LaunchScreen.storyboard in Resources */ = {isa = PBXBuildFile; fileRef = 405C0FD92694CCE800FDFB75 /* LaunchScreen.storyboard */; };
		405C0FE32694CE6700FDFB75 /* StringConstants.swift in Sources */ = {isa = PBXBuildFile; fileRef = 405C0FE22694CE6700FDFB75 /* StringConstants.swift */; };
		405C0FE52694D26100FDFB75 /* AppColor.swift in Sources */ = {isa = PBXBuildFile; fileRef = 405C0FE42694D26100FDFB75 /* AppColor.swift */; };
		405C0FED2694D61A00FDFB75 /* MusicTableViewCell.swift in Sources */ = {isa = PBXBuildFile; fileRef = 405C0FEB2694D61A00FDFB75 /* MusicTableViewCell.swift */; };
		405C0FEE2694D61A00FDFB75 /* MusicTableViewCell.xib in Resources */ = {isa = PBXBuildFile; fileRef = 405C0FEC2694D61A00FDFB75 /* MusicTableViewCell.xib */; };
		405C0FF02694DE9600FDFB75 /* Music.swift in Sources */ = {isa = PBXBuildFile; fileRef = 405C0FEF2694DE9600FDFB75 /* Music.swift */; };
		405C0FF22694E1D200FDFB75 /* HomePresenter.swift in Sources */ = {isa = PBXBuildFile; fileRef = 405C0FF12694E1D200FDFB75 /* HomePresenter.swift */; };
		405C0FF52694E41B00FDFB75 /* APIService.swift in Sources */ = {isa = PBXBuildFile; fileRef = 405C0FF42694E41B00FDFB75 /* APIService.swift */; };
		405C0FF72694E8C400FDFB75 /* MusicResponseModel.swift in Sources */ = {isa = PBXBuildFile; fileRef = 405C0FF62694E8C400FDFB75 /* MusicResponseModel.swift */; };
		40829977269573B100950E95 /* UIImageView+Extension.swift in Sources */ = {isa = PBXBuildFile; fileRef = 40829976269573B100950E95 /* UIImageView+Extension.swift */; };
		408299792695891A00950E95 /* AppImages.swift in Sources */ = {isa = PBXBuildFile; fileRef = 408299782695891A00950E95 /* AppImages.swift */; };
		4082997B2695976900950E95 /* AVPlayerViewController+Extension.swift in Sources */ = {isa = PBXBuildFile; fileRef = 4082997A2695976900950E95 /* AVPlayerViewController+Extension.swift */; };
		40CD7D662694F2890080B316 /* UIViewController+Extension.swift in Sources */ = {isa = PBXBuildFile; fileRef = 40CD7D652694F2890080B316 /* UIViewController+Extension.swift */; };
/* End PBXBuildFile section */

/* Begin PBXFileReference section */
		405C0FCB2694CCE100FDFB75 /* iTune Music.app */ = {isa = PBXFileReference; explicitFileType = wrapper.application; includeInIndex = 0; path = "iTune Music.app"; sourceTree = BUILT_PRODUCTS_DIR; };
		405C0FCE2694CCE100FDFB75 /* AppDelegate.swift */ = {isa = PBXFileReference; lastKnownFileType = sourcecode.swift; path = AppDelegate.swift; sourceTree = "<group>"; };
		405C0FD02694CCE100FDFB75 /* SceneDelegate.swift */ = {isa = PBXFileReference; lastKnownFileType = sourcecode.swift; path = SceneDelegate.swift; sourceTree = "<group>"; };
		405C0FD22694CCE100FDFB75 /* ViewController.swift */ = {isa = PBXFileReference; lastKnownFileType = sourcecode.swift; path = ViewController.swift; sourceTree = "<group>"; };
		405C0FD52694CCE100FDFB75 /* Base */ = {isa = PBXFileReference; lastKnownFileType = file.storyboard; name = Base; path = Base.lproj/Main.storyboard; sourceTree = "<group>"; };
		405C0FD72694CCE800FDFB75 /* Assets.xcassets */ = {isa = PBXFileReference; lastKnownFileType = folder.assetcatalog; path = Assets.xcassets; sourceTree = "<group>"; };
		405C0FDA2694CCE800FDFB75 /* Base */ = {isa = PBXFileReference; lastKnownFileType = file.storyboard; name = Base; path = Base.lproj/LaunchScreen.storyboard; sourceTree = "<group>"; };
		405C0FDC2694CCE800FDFB75 /* Info.plist */ = {isa = PBXFileReference; lastKnownFileType = text.plist.xml; path = Info.plist; sourceTree = "<group>"; };
		405C0FE22694CE6700FDFB75 /* StringConstants.swift */ = {isa = PBXFileReference; lastKnownFileType = sourcecode.swift; path = StringConstants.swift; sourceTree = "<group>"; };
		405C0FE42694D26100FDFB75 /* AppColor.swift */ = {isa = PBXFileReference; lastKnownFileType = sourcecode.swift; path = AppColor.swift; sourceTree = "<group>"; };
		405C0FEB2694D61A00FDFB75 /* MusicTableViewCell.swift */ = {isa = PBXFileReference; lastKnownFileType = sourcecode.swift; path = MusicTableViewCell.swift; sourceTree = "<group>"; };
		405C0FEC2694D61A00FDFB75 /* MusicTableViewCell.xib */ = {isa = PBXFileReference; lastKnownFileType = file.xib; path = MusicTableViewCell.xib; sourceTree = "<group>"; };
		405C0FEF2694DE9600FDFB75 /* Music.swift */ = {isa = PBXFileReference; lastKnownFileType = sourcecode.swift; path = Music.swift; sourceTree = "<group>"; };
		405C0FF12694E1D200FDFB75 /* HomePresenter.swift */ = {isa = PBXFileReference; lastKnownFileType = sourcecode.swift; path = HomePresenter.swift; sourceTree = "<group>"; };
		405C0FF42694E41B00FDFB75 /* APIService.swift */ = {isa = PBXFileReference; lastKnownFileType = sourcecode.swift; path = APIService.swift; sourceTree = "<group>"; };
		405C0FF62694E8C400FDFB75 /* MusicResponseModel.swift */ = {isa = PBXFileReference; lastKnownFileType = sourcecode.swift; path = MusicResponseModel.swift; sourceTree = "<group>"; };
		40829976269573B100950E95 /* UIImageView+Extension.swift */ = {isa = PBXFileReference; lastKnownFileType = sourcecode.swift; path = "UIImageView+Extension.swift"; sourceTree = "<group>"; };
		408299782695891A00950E95 /* AppImages.swift */ = {isa = PBXFileReference; lastKnownFileType = sourcecode.swift; path = AppImages.swift; sourceTree = "<group>"; };
		4082997A2695976900950E95 /* AVPlayerViewController+Extension.swift */ = {isa = PBXFileReference; lastKnownFileType = sourcecode.swift; path = "AVPlayerViewController+Extension.swift"; sourceTree = "<group>"; };
		40CD7D652694F2890080B316 /* UIViewController+Extension.swift */ = {isa = PBXFileReference; lastKnownFileType = sourcecode.swift; path = "UIViewController+Extension.swift"; sourceTree = "<group>"; };
/* End PBXFileReference section */

/* Begin PBXFrameworksBuildPhase section */
		405C0FC82694CCE100FDFB75 /* Frameworks */ = {
			isa = PBXFrameworksBuildPhase;
			buildActionMask = 2147483647;
			files = (
			);
			runOnlyForDeploymentPostprocessing = 0;
		};
/* End PBXFrameworksBuildPhase section */

/* Begin PBXGroup section */
		405C0FC22694CCE100FDFB75 = {
			isa = PBXGroup;
			children = (
				405C0FCD2694CCE100FDFB75 /* iTune Music */,
				405C0FCC2694CCE100FDFB75 /* Products */,
			);
			sourceTree = "<group>";
		};
		405C0FCC2694CCE100FDFB75 /* Products */ = {
			isa = PBXGroup;
			children = (
				405C0FCB2694CCE100FDFB75 /* iTune Music.app */,
			);
			name = Products;
			sourceTree = "<group>";
		};
		405C0FCD2694CCE100FDFB75 /* iTune Music */ = {
			isa = PBXGroup;
			children = (
				40CD7D6B2694F3520080B316 /* module */,
				40CD7D6A2694F33D0080B316 /* utility */,
				40CD7D692694F31A0080B316 /* constants */,
				40CD7D682694F2FE0080B316 /* service */,
				40CD7D672694F2F10080B316 /* extension */,
				405C0FF32694E2F100FDFB75 /* Supporting */,
				405C0FD42694CCE100FDFB75 /* Main.storyboard */,
				405C0FD72694CCE800FDFB75 /* Assets.xcassets */,
				405C0FD92694CCE800FDFB75 /* LaunchScreen.storyboard */,
				405C0FDC2694CCE800FDFB75 /* Info.plist */,
			);
			path = "iTune Music";
			sourceTree = "<group>";
		};
		405C0FE62694D5C600FDFB75 /* home */ = {
			isa = PBXGroup;
			children = (
				405C0FE92694D5DD00FDFB75 /* presenter */,
				405C0FE82694D5D800FDFB75 /* view */,
				405C0FE72694D5D200FDFB75 /* model */,
			);
			path = home;
			sourceTree = "<group>";
		};
		405C0FE72694D5D200FDFB75 /* model */ = {
			isa = PBXGroup;
			children = (
				405C0FEF2694DE9600FDFB75 /* Music.swift */,
				405C0FF62694E8C400FDFB75 /* MusicResponseModel.swift */,
			);
			path = model;
			sourceTree = "<group>";
		};
		405C0FE82694D5D800FDFB75 /* view */ = {
			isa = PBXGroup;
			children = (
				405C0FEA2694D5ED00FDFB75 /* cell */,
				405C0FD22694CCE100FDFB75 /* ViewController.swift */,
			);
			path = view;
			sourceTree = "<group>";
		};
		405C0FE92694D5DD00FDFB75 /* presenter */ = {
			isa = PBXGroup;
			children = (
				405C0FF12694E1D200FDFB75 /* HomePresenter.swift */,
			);
			path = presenter;
			sourceTree = "<group>";
		};
		405C0FEA2694D5ED00FDFB75 /* cell */ = {
			isa = PBXGroup;
			children = (
				405C0FEB2694D61A00FDFB75 /* MusicTableViewCell.swift */,
				405C0FEC2694D61A00FDFB75 /* MusicTableViewCell.xib */,
			);
			path = cell;
			sourceTree = "<group>";
		};
		405C0FF32694E2F100FDFB75 /* Supporting */ = {
			isa = PBXGroup;
			children = (
				405C0FCE2694CCE100FDFB75 /* AppDelegate.swift */,
				405C0FD02694CCE100FDFB75 /* SceneDelegate.swift */,
			);
			path = Supporting;
			sourceTree = "<group>";
		};
		40CD7D672694F2F10080B316 /* extension */ = {
			isa = PBXGroup;
			children = (
				40CD7D652694F2890080B316 /* UIViewController+Extension.swift */,
				40829976269573B100950E95 /* UIImageView+Extension.swift */,
				4082997A2695976900950E95 /* AVPlayerViewController+Extension.swift */,
			);
			path = extension;
			sourceTree = "<group>";
		};
		40CD7D682694F2FE0080B316 /* service */ = {
			isa = PBXGroup;
			children = (
				405C0FF42694E41B00FDFB75 /* APIService.swift */,
			);
			path = service;
			sourceTree = "<group>";
		};
		40CD7D692694F31A0080B316 /* constants */ = {
			isa = PBXGroup;
			children = (
				405C0FE22694CE6700FDFB75 /* StringConstants.swift */,
			);
			path = constants;
			sourceTree = "<group>";
		};
		40CD7D6A2694F33D0080B316 /* utility */ = {
			isa = PBXGroup;
			children = (
				405C0FE42694D26100FDFB75 /* AppColor.swift */,
				408299782695891A00950E95 /* AppImages.swift */,
			);
			path = utility;
			sourceTree = "<group>";
		};
		40CD7D6B2694F3520080B316 /* module */ = {
			isa = PBXGroup;
			children = (
				405C0FE62694D5C600FDFB75 /* home */,
			);
			path = module;
			sourceTree = "<group>";
		};
/* End PBXGroup section */

/* Begin PBXNativeTarget section */
		405C0FCA2694CCE100FDFB75 /* iTune Music */ = {
			isa = PBXNativeTarget;
			buildConfigurationList = 405C0FDF2694CCE800FDFB75 /* Build configuration list for PBXNativeTarget "iTune Music" */;
			buildPhases = (
				405C0FC72694CCE100FDFB75 /* Sources */,
				405C0FC82694CCE100FDFB75 /* Frameworks */,
				405C0FC92694CCE100FDFB75 /* Resources */,
			);
			buildRules = (
			);
			dependencies = (
			);
			name = "iTune Music";
			productName = "iTune Music";
			productReference = 405C0FCB2694CCE100FDFB75 /* iTune Music.app */;
			productType = "com.apple.product-type.application";
		};
/* End PBXNativeTarget section */

/* Begin PBXProject section */
		405C0FC32694CCE100FDFB75 /* Project object */ = {
			isa = PBXProject;
			attributes = {
				LastSwiftUpdateCheck = 1170;
				LastUpgradeCheck = 1170;
				ORGANIZATIONNAME = Bhavesh;
				TargetAttributes = {
					405C0FCA2694CCE100FDFB75 = {
						CreatedOnToolsVersion = 11.7;
					};
				};
			};
			buildConfigurationList = 405C0FC62694CCE100FDFB75 /* Build configuration list for PBXProject "iTune Music" */;
			compatibilityVersion = "Xcode 9.3";
			developmentRegion = en;
			hasScannedForEncodings = 0;
			knownRegions = (
				en,
				Base,
			);
			mainGroup = 405C0FC22694CCE100FDFB75;
			productRefGroup = 405C0FCC2694CCE100FDFB75 /* Products */;
			projectDirPath = "";
			projectRoot = "";
			targets = (
				405C0FCA2694CCE100FDFB75 /* iTune Music */,
			);
		};
/* End PBXProject section */

/* Begin PBXResourcesBuildPhase section */
		405C0FC92694CCE100FDFB75 /* Resources */ = {
			isa = PBXResourcesBuildPhase;
			buildActionMask = 2147483647;
			files = (
				405C0FDB2694CCE800FDFB75 /* LaunchScreen.storyboard in Resources */,
				405C0FD82694CCE800FDFB75 /* Assets.xcassets in Resources */,
				405C0FD62694CCE100FDFB75 /* Main.storyboard in Resources */,
				405C0FEE2694D61A00FDFB75 /* MusicTableViewCell.xib in Resources */,
			);
			runOnlyForDeploymentPostprocessing = 0;
		};
/* End PBXResourcesBuildPhase section */

/* Begin PBXSourcesBuildPhase section */
		405C0FC72694CCE100FDFB75 /* Sources */ = {
			isa = PBXSourcesBuildPhase;
			buildActionMask = 2147483647;
			files = (
				405C0FE32694CE6700FDFB75 /* StringConstants.swift in Sources */,
				40CD7D662694F2890080B316 /* UIViewController+Extension.swift in Sources */,
				405C0FE52694D26100FDFB75 /* AppColor.swift in Sources */,
				405C0FD32694CCE100FDFB75 /* ViewController.swift in Sources */,
				4082997B2695976900950E95 /* AVPlayerViewController+Extension.swift in Sources */,
				405C0FCF2694CCE100FDFB75 /* AppDelegate.swift in Sources */,
				405C0FF02694DE9600FDFB75 /* Music.swift in Sources */,
				408299792695891A00950E95 /* AppImages.swift in Sources */,
				40829977269573B100950E95 /* UIImageView+Extension.swift in Sources */,
				405C0FD12694CCE100FDFB75 /* SceneDelegate.swift in Sources */,
				405C0FF72694E8C400FDFB75 /* MusicResponseModel.swift in Sources */,
				405C0FED2694D61A00FDFB75 /* MusicTableViewCell.swift in Sources */,
				405C0FF52694E41B00FDFB75 /* APIService.swift in Sources */,
				405C0FF22694E1D200FDFB75 /* HomePresenter.swift in Sources */,
			);
			runOnlyForDeploymentPostprocessing = 0;
		};
/* End PBXSourcesBuildPhase section */

/* Begin PBXVariantGroup section */
		405C0FD42694CCE100FDFB75 /* Main.storyboard */ = {
			isa = PBXVariantGroup;
			children = (
				405C0FD52694CCE100FDFB75 /* Base */,
			);
			name = Main.storyboard;
			sourceTree = "<group>";
		};
		405C0FD92694CCE800FDFB75 /* LaunchScreen.storyboard */ = {
			isa = PBXVariantGroup;
			children = (
				405C0FDA2694CCE800FDFB75 /* Base */,
			);
			name = LaunchScreen.storyboard;
			sourceTree = "<group>";
		};
/* End PBXVariantGroup section */

/* Begin XCBuildConfiguration section */
		405C0FDD2694CCE800FDFB75 /* Debug */ = {
			isa = XCBuildConfiguration;
			buildSettings = {
				ALWAYS_SEARCH_USER_PATHS = NO;
				CLANG_ANALYZER_NONNULL = YES;
				CLANG_ANALYZER_NUMBER_OBJECT_CONVERSION = YES_AGGRESSIVE;
				CLANG_CXX_LANGUAGE_STANDARD = "gnu++14";
				CLANG_CXX_LIBRARY = "libc++";
				CLANG_ENABLE_MODULES = YES;
				CLANG_ENABLE_OBJC_ARC = YES;
				CLANG_ENABLE_OBJC_WEAK = YES;
				CLANG_WARN_BLOCK_CAPTURE_AUTORELEASING = YES;
				CLANG_WARN_BOOL_CONVERSION = YES;
				CLANG_WARN_COMMA = YES;
				CLANG_WARN_CONSTANT_CONVERSION = YES;
				CLANG_WARN_DEPRECATED_OBJC_IMPLEMENTATIONS = YES;
				CLANG_WARN_DIRECT_OBJC_ISA_USAGE = YES_ERROR;
				CLANG_WARN_DOCUMENTATION_COMMENTS = YES;
				CLANG_WARN_EMPTY_BODY = YES;
				CLANG_WARN_ENUM_CONVERSION = YES;
				CLANG_WARN_INFINITE_RECURSION = YES;
				CLANG_WARN_INT_CONVERSION = YES;
				CLANG_WARN_NON_LITERAL_NULL_CONVERSION = YES;
				CLANG_WARN_OBJC_IMPLICIT_RETAIN_SELF = YES;
				CLANG_WARN_OBJC_LITERAL_CONVERSION = YES;
				CLANG_WARN_OBJC_ROOT_CLASS = YES_ERROR;
				CLANG_WARN_RANGE_LOOP_ANALYSIS = YES;
				CLANG_WARN_STRICT_PROTOTYPES = YES;
				CLANG_WARN_SUSPICIOUS_MOVE = YES;
				CLANG_WARN_UNGUARDED_AVAILABILITY = YES_AGGRESSIVE;
				CLANG_WARN_UNREACHABLE_CODE = YES;
				CLANG_WARN__DUPLICATE_METHOD_MATCH = YES;
				COPY_PHASE_STRIP = NO;
				DEBUG_INFORMATION_FORMAT = dwarf;
				ENABLE_STRICT_OBJC_MSGSEND = YES;
				ENABLE_TESTABILITY = YES;
				GCC_C_LANGUAGE_STANDARD = gnu11;
				GCC_DYNAMIC_NO_PIC = NO;
				GCC_NO_COMMON_BLOCKS = YES;
				GCC_OPTIMIZATION_LEVEL = 0;
				GCC_PREPROCESSOR_DEFINITIONS = (
					"DEBUG=1",
					"$(inherited)",
				);
				GCC_WARN_64_TO_32_BIT_CONVERSION = YES;
				GCC_WARN_ABOUT_RETURN_TYPE = YES_ERROR;
				GCC_WARN_UNDECLARED_SELECTOR = YES;
				GCC_WARN_UNINITIALIZED_AUTOS = YES_AGGRESSIVE;
				GCC_WARN_UNUSED_FUNCTION = YES;
				GCC_WARN_UNUSED_VARIABLE = YES;
				IPHONEOS_DEPLOYMENT_TARGET = 13.7;
				MTL_ENABLE_DEBUG_INFO = INCLUDE_SOURCE;
				MTL_FAST_MATH = YES;
				ONLY_ACTIVE_ARCH = YES;
				SDKROOT = iphoneos;
				SWIFT_ACTIVE_COMPILATION_CONDITIONS = DEBUG;
				SWIFT_OPTIMIZATION_LEVEL = "-Onone";
			};
			name = Debug;
		};
		405C0FDE2694CCE800FDFB75 /* Release */ = {
			isa = XCBuildConfiguration;
			buildSettings = {
				ALWAYS_SEARCH_USER_PATHS = NO;
				CLANG_ANALYZER_NONNULL = YES;
				CLANG_ANALYZER_NUMBER_OBJECT_CONVERSION = YES_AGGRESSIVE;
				CLANG_CXX_LANGUAGE_STANDARD = "gnu++14";
				CLANG_CXX_LIBRARY = "libc++";
				CLANG_ENABLE_MODULES = YES;
				CLANG_ENABLE_OBJC_ARC = YES;
				CLANG_ENABLE_OBJC_WEAK = YES;
				CLANG_WARN_BLOCK_CAPTURE_AUTORELEASING = YES;
				CLANG_WARN_BOOL_CONVERSION = YES;
				CLANG_WARN_COMMA = YES;
				CLANG_WARN_CONSTANT_CONVERSION = YES;
				CLANG_WARN_DEPRECATED_OBJC_IMPLEMENTATIONS = YES;
				CLANG_WARN_DIRECT_OBJC_ISA_USAGE = YES_ERROR;
				CLANG_WARN_DOCUMENTATION_COMMENTS = YES;
				CLANG_WARN_EMPTY_BODY = YES;
				CLANG_WARN_ENUM_CONVERSION = YES;
				CLANG_WARN_INFINITE_RECURSION = YES;
				CLANG_WARN_INT_CONVERSION = YES;
				CLANG_WARN_NON_LITERAL_NULL_CONVERSION = YES;
				CLANG_WARN_OBJC_IMPLICIT_RETAIN_SELF = YES;
				CLANG_WARN_OBJC_LITERAL_CONVERSION = YES;
				CLANG_WARN_OBJC_ROOT_CLASS = YES_ERROR;
				CLANG_WARN_RANGE_LOOP_ANALYSIS = YES;
				CLANG_WARN_STRICT_PROTOTYPES = YES;
				CLANG_WARN_SUSPICIOUS_MOVE = YES;
				CLANG_WARN_UNGUARDED_AVAILABILITY = YES_AGGRESSIVE;
				CLANG_WARN_UNREACHABLE_CODE = YES;
				CLANG_WARN__DUPLICATE_METHOD_MATCH = YES;
				COPY_PHASE_STRIP = NO;
				DEBUG_INFORMATION_FORMAT = "dwarf-with-dsym";
				ENABLE_NS_ASSERTIONS = NO;
				ENABLE_STRICT_OBJC_MSGSEND = YES;
				GCC_C_LANGUAGE_STANDARD = gnu11;
				GCC_NO_COMMON_BLOCKS = YES;
				GCC_WARN_64_TO_32_BIT_CONVERSION = YES;
				GCC_WARN_ABOUT_RETURN_TYPE = YES_ERROR;
				GCC_WARN_UNDECLARED_SELECTOR = YES;
				GCC_WARN_UNINITIALIZED_AUTOS = YES_AGGRESSIVE;
				GCC_WARN_UNUSED_FUNCTION = YES;
				GCC_WARN_UNUSED_VARIABLE = YES;
				IPHONEOS_DEPLOYMENT_TARGET = 13.7;
				MTL_ENABLE_DEBUG_INFO = NO;
				MTL_FAST_MATH = YES;
				SDKROOT = iphoneos;
				SWIFT_COMPILATION_MODE = wholemodule;
				SWIFT_OPTIMIZATION_LEVEL = "-O";
				VALIDATE_PRODUCT = YES;
			};
			name = Release;
		};
		405C0FE02694CCE800FDFB75 /* Debug */ = {
			isa = XCBuildConfiguration;
			buildSettings = {
				ASSETCATALOG_COMPILER_APPICON_NAME = AppIcon;
				CODE_SIGN_STYLE = Automatic;
				DEVELOPMENT_TEAM = P5RKT2K7BV;
				INFOPLIST_FILE = "iTune Music/Info.plist";
				LD_RUNPATH_SEARCH_PATHS = (
					"$(inherited)",
					"@executable_path/Frameworks",
				);
				PRODUCT_BUNDLE_IDENTIFIER = "bhavesh.com.iTune-Music";
				PRODUCT_NAME = "$(TARGET_NAME)";
				SWIFT_VERSION = 5.0;
				TARGETED_DEVICE_FAMILY = "1,2";
			};
			name = Debug;
		};
		405C0FE12694CCE800FDFB75 /* Release */ = {
			isa = XCBuildConfiguration;
			buildSettings = {
				ASSETCATALOG_COMPILER_APPICON_NAME = AppIcon;
				CODE_SIGN_STYLE = Automatic;
				DEVELOPMENT_TEAM = P5RKT2K7BV;
				INFOPLIST_FILE = "iTune Music/Info.plist";
				LD_RUNPATH_SEARCH_PATHS = (
					"$(inherited)",
					"@executable_path/Frameworks",
				);
				PRODUCT_BUNDLE_IDENTIFIER = "bhavesh.com.iTune-Music";
				PRODUCT_NAME = "$(TARGET_NAME)";
				SWIFT_VERSION = 5.0;
				TARGETED_DEVICE_FAMILY = "1,2";
			};
			name = Release;
		};
/* End XCBuildConfiguration section */

/* Begin XCConfigurationList section */
		405C0FC62694CCE100FDFB75 /* Build configuration list for PBXProject "iTune Music" */ = {
			isa = XCConfigurationList;
			buildConfigurations = (
				405C0FDD2694CCE800FDFB75 /* Debug */,
				405C0FDE2694CCE800FDFB75 /* Release */,
			);
			defaultConfigurationIsVisible = 0;
			defaultConfigurationName = Release;
		};
		405C0FDF2694CCE800FDFB75 /* Build configuration list for PBXNativeTarget "iTune Music" */ = {
			isa = XCConfigurationList;
			buildConfigurations = (
				405C0FE02694CCE800FDFB75 /* Debug */,
				405C0FE12694CCE800FDFB75 /* Release */,
			);
			defaultConfigurationIsVisible = 0;
			defaultConfigurationName = Release;
		};
/* End XCConfigurationList section */
	};
	rootObject = 405C0FC32694CCE100FDFB75 /* Project object */;
}
